
Microsoft Visual Studio Solution File, Format Version 12.00
# Visual Studio Version 16
VisualStudioVersion = 16.0.29215.179
MinimumVisualStudioVersion = 10.0.40219.1
Project("{9A19103F-16F7-4668-BE54-9A1E7A4F7556}") = "Caching", "src\Caching\Caching.csproj", "{809AFCED-017B-42C2-997A-4791D4AA693D}"
EndProject
Project("{9A19103F-16F7-4668-BE54-9A1E7A4F7556}") = "Caching.Tests", "test\Caching.Tests\Caching.Tests.csproj", "{815954A1-9C51-4AD0-B7AE-EF20E032B847}"
EndProject
Project("{2150E333-8FDC-42A3-9474-1A3956D46DE8}") = "src", "src", "{F653A50B-698C-415E-ADAC-8C9823B8BF28}"
EndProject
Project("{2150E333-8FDC-42A3-9474-1A3956D46DE8}") = "test", "test", "{F1A7B498-1977-4D42-BD81-24E357C4A682}"
EndProject
Project("{2150E333-8FDC-42A3-9474-1A3956D46DE8}") = "samples", "samples", "{26DB1FF3-C3AB-42ED-9FA5-E130973957DD}"
EndProject
Project("{9A19103F-16F7-4668-BE54-9A1E7A4F7556}") = "Caching.Examples.Basic", "samples\Caching.Examples.Basic\Caching.Examples.Basic.csproj", "{9AECD18C-A874-4980-8ECD-C609F1E66429}"
EndProject
Global
	GlobalSection(SolutionConfigurationPlatforms) = preSolution
		Debug|Any CPU = Debug|Any CPU
		Release|Any CPU = Release|Any CPU
	EndGlobalSection
	GlobalSection(ProjectConfigurationPlatforms) = postSolution
		{809AFCED-017B-42C2-997A-4791D4AA693D}.Debug|Any CPU.ActiveCfg = Debug|Any CPU
		{809AFCED-017B-42C2-997A-4791D4AA693D}.Debug|Any CPU.Build.0 = Debug|Any CPU
		{809AFCED-017B-42C2-997A-4791D4AA693D}.Release|Any CPU.ActiveCfg = Release|Any CPU
		{809AFCED-017B-42C2-997A-4791D4AA693D}.Release|Any CPU.Build.0 = Release|Any CPU
		{815954A1-9C51-4AD0-B7AE-EF20E032B847}.Debug|Any CPU.ActiveCfg = Debug|Any CPU
		{815954A1-9C51-4AD0-B7AE-EF20E032B847}.Debug|Any CPU.Build.0 = Debug|Any CPU
		{815954A1-9C51-4AD0-B7AE-EF20E032B847}.Release|Any CPU.ActiveCfg = Release|Any CPU
		{815954A1-9C51-4AD0-B7AE-EF20E032B847}.Release|Any CPU.Build.0 = Release|Any CPU
		{9AECD18C-A874-4980-8ECD-C609F1E66429}.Debug|Any CPU.ActiveCfg = Debug|Any CPU
		{9AECD18C-A874-4980-8ECD-C609F1E66429}.Debug|Any CPU.Build.0 = Debug|Any CPU
		{9AECD18C-A874-4980-8ECD-C609F1E66429}.Release|Any CPU.ActiveCfg = Release|Any CPU
		{9AECD18C-A874-4980-8ECD-C609F1E66429}.Release|Any CPU.Build.0 = Release|Any CPU
	EndGlobalSection
	GlobalSection(SolutionProperties) = preSolution
		HideSolutionNode = FALSE
	EndGlobalSection
	GlobalSection(NestedProjects) = preSolution
		{809AFCED-017B-42C2-997A-4791D4AA693D} = {F653A50B-698C-415E-ADAC-8C9823B8BF28}
		{815954A1-9C51-4AD0-B7AE-EF20E032B847} = {F1A7B498-1977-4D42-BD81-24E357C4A682}
		{9AECD18C-A874-4980-8ECD-C609F1E66429} = {26DB1FF3-C3AB-42ED-9FA5-E130973957DD}
	EndGlobalSection
	GlobalSection(ExtensibilityGlobals) = postSolution
		SolutionGuid = {F8DD40F7-9C00-47A4-84C1-D08338105AD3}
	EndGlobalSection
EndGlobal
